
Microsoft Visual Studio Solution File, Format Version 12.00
# Visual Studio Version 17
VisualStudioVersion = 17.4.33213.308
MinimumVisualStudioVersion = 10.0.40219.1
Project("{8BC9CEB8-8B4A-11D0-8D11-00A0C91BC942}") = "LED-SMQ", "LED-SMQ.vcxproj", "{C4B14467-0786-4860-96E3-C0EBD21AEC47}"
EndProject
Project("{8BC9CEB8-8B4A-11D0-8D11-00A0C91BC942}") = "publish", "publish.vcxproj", "{7A06D83A-DACA-4CB7-BB0D-D7FE63FB8BE2}"
EndProject
Project("{8BC9CEB8-8B4A-11D0-8D11-00A0C91BC942}") = "subscribe", "subscribe.vcxproj", "{4BED707D-3010-4DAB-8981-7031E076B12B}"
EndProject
Project("{8BC9CEB8-8B4A-11D0-8D11-00A0C91BC942}") = "bulb", "bulb.vcxproj", "{0D4CB2A1-5DFE-4D07-AB96-DAEDE89893DF}"
EndProject
Project("{8BC9CEB8-8B4A-11D0-8D11-00A0C91BC942}") = "WeatherApp", "WeatherApp.vcxproj", "{EB2CF78C-1088-4EEC-8707-CBE66B729411}"
EndProject
Global
	GlobalSection(SolutionConfigurationPlatforms) = preSolution
		Debug|Win32 = Debug|Win32
		Release|Win32 = Release|Win32
	EndGlobalSection
	GlobalSection(ProjectConfigurationPlatforms) = postSolution
		{C4B14467-0786-4860-96E3-C0EBD21AEC47}.Debug|Win32.ActiveCfg = Debug|Win32
		{C4B14467-0786-4860-96E3-C0EBD21AEC47}.Debug|Win32.Build.0 = Debug|Win32
		{C4B14467-0786-4860-96E3-C0EBD21AEC47}.Release|Win32.ActiveCfg = Release|Win32
		{C4B14467-0786-4860-96E3-C0EBD21AEC47}.Release|Win32.Build.0 = Release|Win32
		{7A06D83A-DACA-4CB7-BB0D-D7FE63FB8BE2}.Debug|Win32.ActiveCfg = Debug|Win32
		{7A06D83A-DACA-4CB7-BB0D-D7FE63FB8BE2}.Debug|Win32.Build.0 = Debug|Win32
		{7A06D83A-DACA-4CB7-BB0D-D7FE63FB8BE2}.Release|Win32.ActiveCfg = Release|Win32
		{7A06D83A-DACA-4CB7-BB0D-D7FE63FB8BE2}.Release|Win32.Build.0 = Release|Win32
		{4BED707D-3010-4DAB-8981-7031E076B12B}.Debug|Win32.ActiveCfg = Debug|Win32
		{4BED707D-3010-4DAB-8981-7031E076B12B}.Debug|Win32.Build.0 = Debug|Win32
		{4BED707D-3010-4DAB-8981-7031E076B12B}.Release|Win32.ActiveCfg = Release|Win32
		{4BED707D-3010-4DAB-8981-7031E076B12B}.Release|Win32.Build.0 = Release|Win32
		{0D4CB2A1-5DFE-4D07-AB96-DAEDE89893DF}.Debug|Win32.ActiveCfg = Debug|Win32
		{0D4CB2A1-5DFE-4D07-AB96-DAEDE89893DF}.Debug|Win32.Build.0 = Debug|Win32
		{0D4CB2A1-5DFE-4D07-AB96-DAEDE89893DF}.Release|Win32.ActiveCfg = Release|Win32
		{0D4CB2A1-5DFE-4D07-AB96-DAEDE89893DF}.Release|Win32.Build.0 = Release|Win32
		{EB2CF78C-1088-4EEC-8707-CBE66B729411}.Debug|Win32.ActiveCfg = Debug|Win32
		{EB2CF78C-1088-4EEC-8707-CBE66B729411}.Debug|Win32.Build.0 = Debug|Win32
		{EB2CF78C-1088-4EEC-8707-CBE66B729411}.Release|Win32.ActiveCfg = Release|Win32
		{EB2CF78C-1088-4EEC-8707-CBE66B729411}.Release|Win32.Build.0 = Release|Win32
	EndGlobalSection
	GlobalSection(SolutionProperties) = preSolution
		HideSolutionNode = FALSE
	EndGlobalSection
	GlobalSection(ExtensibilityGlobals) = postSolution
		SolutionGuid = {E2A2BAB8-9C5C-4C4F-A91D-D1D711FA8AD0}
	EndGlobalSection
EndGlobal
