
Microsoft Visual Studio Solution File, Format Version 11.00
# Visual Studio 2010
Project("{8BC9CEB8-8B4A-11D0-8D11-00A0C91BC942}") = "LED-SMQ", "LED-SMQ.vcxproj", "{C4B14467-0786-4860-96E3-C0EBD21AEC47}"
EndProject
Project("{8BC9CEB8-8B4A-11D0-8D11-00A0C91BC942}") = "publish", "publish.vcxproj", "{7A06D83A-DACA-4CB7-BB0D-D7FE63FB8BE2}"
EndProject
Project("{8BC9CEB8-8B4A-11D0-8D11-00A0C91BC942}") = "subscribe", "subscribe.vcxproj", "{4BED707D-3010-4DAB-8981-7031E076B12B}"
EndProject
Global
	GlobalSection(SolutionConfigurationPlatforms) = preSolution
		Debug|Win32 = Debug|Win32
		Release|Win32 = Release|Win32
	EndGlobalSection
	GlobalSection(ProjectConfigurationPlatforms) = postSolution
		{C4B14467-0786-4860-96E3-C0EBD21AEC47}.Debug|Win32.ActiveCfg = Debug|Win32
		{C4B14467-0786-4860-96E3-C0EBD21AEC47}.Debug|Win32.Build.0 = Debug|Win32
		{C4B14467-0786-4860-96E3-C0EBD21AEC47}.Release|Win32.ActiveCfg = Release|Win32
		{C4B14467-0786-4860-96E3-C0EBD21AEC47}.Release|Win32.Build.0 = Release|Win32
		{7A06D83A-DACA-4CB7-BB0D-D7FE63FB8BE2}.Debug|Win32.ActiveCfg = Debug|Win32
		{7A06D83A-DACA-4CB7-BB0D-D7FE63FB8BE2}.Debug|Win32.Build.0 = Debug|Win32
		{7A06D83A-DACA-4CB7-BB0D-D7FE63FB8BE2}.Release|Win32.ActiveCfg = Release|Win32
		{7A06D83A-DACA-4CB7-BB0D-D7FE63FB8BE2}.Release|Win32.Build.0 = Release|Win32
		{4BED707D-3010-4DAB-8981-7031E076B12B}.Debug|Win32.ActiveCfg = Debug|Win32
		{4BED707D-3010-4DAB-8981-7031E076B12B}.Debug|Win32.Build.0 = Debug|Win32
		{4BED707D-3010-4DAB-8981-7031E076B12B}.Release|Win32.ActiveCfg = Release|Win32
		{4BED707D-3010-4DAB-8981-7031E076B12B}.Release|Win32.Build.0 = Release|Win32
	EndGlobalSection
	GlobalSection(SolutionProperties) = preSolution
		HideSolutionNode = FALSE
	EndGlobalSection
EndGlobal
